// !$*UTF8*$!
{
	archiveVersion = 1;
	classes = {
	};
	objectVersion = 46;
	objects = {

/* Begin PBXBuildFile section */
		428C505C700435DE863484A8 /* Pods_ww_app.framework in Frameworks */ = {isa = PBXBuildFile; fileRef = 04FA2EE6D44AA3AF12E93BF0 /* Pods_ww_app.framework */; };
		932F90751EB69C5A00A781AE /* locationEditorViewController.swift in Sources */ = {isa = PBXBuildFile; fileRef = 932F90741EB69C5A00A781AE /* locationEditorViewController.swift */; };
		9332F9A11EB168110049B63C /* AppDelegate.swift in Sources */ = {isa = PBXBuildFile; fileRef = 9332F9A01EB168110049B63C /* AppDelegate.swift */; };
		9332F9A31EB168110049B63C /* ViewController.swift in Sources */ = {isa = PBXBuildFile; fileRef = 9332F9A21EB168110049B63C /* ViewController.swift */; };
		9332F9A61EB168110049B63C /* Main.storyboard in Resources */ = {isa = PBXBuildFile; fileRef = 9332F9A41EB168110049B63C /* Main.storyboard */; };
		9332F9A81EB168110049B63C /* Assets.xcassets in Resources */ = {isa = PBXBuildFile; fileRef = 9332F9A71EB168110049B63C /* Assets.xcassets */; };
		9332F9AB1EB168110049B63C /* LaunchScreen.storyboard in Resources */ = {isa = PBXBuildFile; fileRef = 9332F9A91EB168110049B63C /* LaunchScreen.storyboard */; };
		9332F9B31EB175C80049B63C /* GoogleService-Info.plist in Resources */ = {isa = PBXBuildFile; fileRef = 9332F9B21EB175C80049B63C /* GoogleService-Info.plist */; };
		9332F9B51EB1998E0049B63C /* ColorViewController.swift in Sources */ = {isa = PBXBuildFile; fileRef = 9332F9B41EB1998E0049B63C /* ColorViewController.swift */; };
		939A28DB1EB4F0EF00FF9A1B /* DesignableView.swift in Sources */ = {isa = PBXBuildFile; fileRef = 939A28DA1EB4F0EF00FF9A1B /* DesignableView.swift */; };
		939A28DD1EB4F1EA00FF9A1B /* DesignableButton.swift in Sources */ = {isa = PBXBuildFile; fileRef = 939A28DC1EB4F1EA00FF9A1B /* DesignableButton.swift */; };
/* End PBXBuildFile section */

/* Begin PBXFileReference section */
		04FA2EE6D44AA3AF12E93BF0 /* Pods_ww_app.framework */ = {isa = PBXFileReference; explicitFileType = wrapper.framework; includeInIndex = 0; path = Pods_ww_app.framework; sourceTree = BUILT_PRODUCTS_DIR; };
		7BE7CBCEDDF00A0EBA4D043A /* Pods-ww_app.release.xcconfig */ = {isa = PBXFileReference; includeInIndex = 1; lastKnownFileType = text.xcconfig; name = "Pods-ww_app.release.xcconfig"; path = "Pods/Target Support Files/Pods-ww_app/Pods-ww_app.release.xcconfig"; sourceTree = "<group>"; };
		932F90741EB69C5A00A781AE /* locationEditorViewController.swift */ = {isa = PBXFileReference; fileEncoding = 4; lastKnownFileType = sourcecode.swift; path = locationEditorViewController.swift; sourceTree = "<group>"; };
		9332F99D1EB168110049B63C /* ww_app.app */ = {isa = PBXFileReference; explicitFileType = wrapper.application; includeInIndex = 0; path = ww_app.app; sourceTree = BUILT_PRODUCTS_DIR; };
		9332F9A01EB168110049B63C /* AppDelegate.swift */ = {isa = PBXFileReference; lastKnownFileType = sourcecode.swift; path = AppDelegate.swift; sourceTree = "<group>"; };
		9332F9A21EB168110049B63C /* ViewController.swift */ = {isa = PBXFileReference; lastKnownFileType = sourcecode.swift; path = ViewController.swift; sourceTree = "<group>"; };
		9332F9A51EB168110049B63C /* Base */ = {isa = PBXFileReference; lastKnownFileType = file.storyboard; name = Base; path = Base.lproj/Main.storyboard; sourceTree = "<group>"; };
		9332F9A71EB168110049B63C /* Assets.xcassets */ = {isa = PBXFileReference; lastKnownFileType = folder.assetcatalog; path = Assets.xcassets; sourceTree = "<group>"; };
		9332F9AA1EB168110049B63C /* Base */ = {isa = PBXFileReference; lastKnownFileType = file.storyboard; name = Base; path = Base.lproj/LaunchScreen.storyboard; sourceTree = "<group>"; };
		9332F9AC1EB168110049B63C /* Info.plist */ = {isa = PBXFileReference; lastKnownFileType = text.plist.xml; path = Info.plist; sourceTree = "<group>"; };
		9332F9B21EB175C80049B63C /* GoogleService-Info.plist */ = {isa = PBXFileReference; fileEncoding = 4; lastKnownFileType = text.plist.xml; path = "GoogleService-Info.plist"; sourceTree = "<group>"; };
		9332F9B41EB1998E0049B63C /* ColorViewController.swift */ = {isa = PBXFileReference; fileEncoding = 4; lastKnownFileType = sourcecode.swift; path = ColorViewController.swift; sourceTree = "<group>"; };
		939A28DA1EB4F0EF00FF9A1B /* DesignableView.swift */ = {isa = PBXFileReference; fileEncoding = 4; lastKnownFileType = sourcecode.swift; path = DesignableView.swift; sourceTree = "<group>"; };
		939A28DC1EB4F1EA00FF9A1B /* DesignableButton.swift */ = {isa = PBXFileReference; fileEncoding = 4; lastKnownFileType = sourcecode.swift; path = DesignableButton.swift; sourceTree = "<group>"; };
		BEF5EF627443288E98E33F13 /* Pods-ww_app.debug.xcconfig */ = {isa = PBXFileReference; includeInIndex = 1; lastKnownFileType = text.xcconfig; name = "Pods-ww_app.debug.xcconfig"; path = "Pods/Target Support Files/Pods-ww_app/Pods-ww_app.debug.xcconfig"; sourceTree = "<group>"; };
/* End PBXFileReference section */

/* Begin PBXFrameworksBuildPhase section */
		9332F99A1EB168110049B63C /* Frameworks */ = {
			isa = PBXFrameworksBuildPhase;
			buildActionMask = 2147483647;
			files = (
				428C505C700435DE863484A8 /* Pods_ww_app.framework in Frameworks */,
			);
			runOnlyForDeploymentPostprocessing = 0;
		};
/* End PBXFrameworksBuildPhase section */

/* Begin PBXGroup section */
		921F243901CB808F5075A92C /* Frameworks */ = {
			isa = PBXGroup;
			children = (
				04FA2EE6D44AA3AF12E93BF0 /* Pods_ww_app.framework */,
			);
			name = Frameworks;
			sourceTree = "<group>";
		};
		9332F9941EB168110049B63C = {
			isa = PBXGroup;
			children = (
				9332F99F1EB168110049B63C /* ww_app */,
				9332F99E1EB168110049B63C /* Products */,
				C5142C85EF133FD0BD3D4359 /* Pods */,
				921F243901CB808F5075A92C /* Frameworks */,
			);
			sourceTree = "<group>";
		};
		9332F99E1EB168110049B63C /* Products */ = {
			isa = PBXGroup;
			children = (
				9332F99D1EB168110049B63C /* ww_app.app */,
			);
			name = Products;
			sourceTree = "<group>";
		};
		9332F99F1EB168110049B63C /* ww_app */ = {
			isa = PBXGroup;
			children = (
				939A28D91EB4F0A300FF9A1B /* IBDesignables */,
				9332F9A01EB168110049B63C /* AppDelegate.swift */,
				9332F9A21EB168110049B63C /* ViewController.swift */,
				9332F9B41EB1998E0049B63C /* ColorViewController.swift */,
				9332F9A41EB168110049B63C /* Main.storyboard */,
				932F90741EB69C5A00A781AE /* locationEditorViewController.swift */,
				9332F9A71EB168110049B63C /* Assets.xcassets */,
				9332F9A91EB168110049B63C /* LaunchScreen.storyboard */,
				9332F9B21EB175C80049B63C /* GoogleService-Info.plist */,
				9332F9AC1EB168110049B63C /* Info.plist */,
			);
			path = ww_app;
			sourceTree = "<group>";
		};
		939A28D91EB4F0A300FF9A1B /* IBDesignables */ = {
			isa = PBXGroup;
			children = (
				939A28DA1EB4F0EF00FF9A1B /* DesignableView.swift */,
				939A28DC1EB4F1EA00FF9A1B /* DesignableButton.swift */,
			);
			name = IBDesignables;
			sourceTree = "<group>";
		};
		C5142C85EF133FD0BD3D4359 /* Pods */ = {
			isa = PBXGroup;
			children = (
				BEF5EF627443288E98E33F13 /* Pods-ww_app.debug.xcconfig */,
				7BE7CBCEDDF00A0EBA4D043A /* Pods-ww_app.release.xcconfig */,
			);
			name = Pods;
			sourceTree = "<group>";
		};
/* End PBXGroup section */

/* Begin PBXNativeTarget section */
		9332F99C1EB168110049B63C /* ww_app */ = {
			isa = PBXNativeTarget;
			buildConfigurationList = 9332F9AF1EB168110049B63C /* Build configuration list for PBXNativeTarget "ww_app" */;
			buildPhases = (
				7BB168BCD4B66FFEA49C1F79 /* [CP] Check Pods Manifest.lock */,
				9332F9991EB168110049B63C /* Sources */,
				9332F99A1EB168110049B63C /* Frameworks */,
				9332F99B1EB168110049B63C /* Resources */,
				9C6783CA8A9A4C267DBF361C /* [CP] Embed Pods Frameworks */,
				AD8C7389DD27BD9F185D9301 /* [CP] Copy Pods Resources */,
			);
			buildRules = (
			);
			dependencies = (
			);
			name = ww_app;
			productName = ww_app;
			productReference = 9332F99D1EB168110049B63C /* ww_app.app */;
			productType = "com.apple.product-type.application";
		};
/* End PBXNativeTarget section */

/* Begin PBXProject section */
		9332F9951EB168110049B63C /* Project object */ = {
			isa = PBXProject;
			attributes = {
				LastSwiftUpdateCheck = 0820;
				LastUpgradeCheck = 0820;
				ORGANIZATIONNAME = hcml;
				TargetAttributes = {
					9332F99C1EB168110049B63C = {
						CreatedOnToolsVersion = 8.2.1;
						DevelopmentTeam = FA2R2F44BF;
						ProvisioningStyle = Automatic;
					};
				};
			};
			buildConfigurationList = 9332F9981EB168110049B63C /* Build configuration list for PBXProject "ww_app" */;
			compatibilityVersion = "Xcode 3.2";
			developmentRegion = English;
			hasScannedForEncodings = 0;
			knownRegions = (
				en,
				Base,
			);
			mainGroup = 9332F9941EB168110049B63C;
			productRefGroup = 9332F99E1EB168110049B63C /* Products */;
			projectDirPath = "";
			projectRoot = "";
			targets = (
				9332F99C1EB168110049B63C /* ww_app */,
			);
		};
/* End PBXProject section */

/* Begin PBXResourcesBuildPhase section */
		9332F99B1EB168110049B63C /* Resources */ = {
			isa = PBXResourcesBuildPhase;
			buildActionMask = 2147483647;
			files = (
				9332F9AB1EB168110049B63C /* LaunchScreen.storyboard in Resources */,
				9332F9B31EB175C80049B63C /* GoogleService-Info.plist in Resources */,
				9332F9A81EB168110049B63C /* Assets.xcassets in Resources */,
				9332F9A61EB168110049B63C /* Main.storyboard in Resources */,
			);
			runOnlyForDeploymentPostprocessing = 0;
		};
/* End PBXResourcesBuildPhase section */

/* Begin PBXShellScriptBuildPhase section */
		7BB168BCD4B66FFEA49C1F79 /* [CP] Check Pods Manifest.lock */ = {
			isa = PBXShellScriptBuildPhase;
			buildActionMask = 2147483647;
			files = (
			);
			inputPaths = (
			);
			name = "[CP] Check Pods Manifest.lock";
			outputPaths = (
			);
			runOnlyForDeploymentPostprocessing = 0;
			shellPath = /bin/sh;
			shellScript = "diff \"${PODS_ROOT}/../Podfile.lock\" \"${PODS_ROOT}/Manifest.lock\" > /dev/null\nif [ $? != 0 ] ; then\n    # print error to STDERR\n    echo \"error: The sandbox is not in sync with the Podfile.lock. Run 'pod install' or update your CocoaPods installation.\" >&2\n    exit 1\nfi\n";
			showEnvVarsInLog = 0;
		};
		9C6783CA8A9A4C267DBF361C /* [CP] Embed Pods Frameworks */ = {
			isa = PBXShellScriptBuildPhase;
			buildActionMask = 2147483647;
			files = (
			);
			inputPaths = (
			);
			name = "[CP] Embed Pods Frameworks";
			outputPaths = (
			);
			runOnlyForDeploymentPostprocessing = 0;
			shellPath = /bin/sh;
			shellScript = "\"${SRCROOT}/Pods/Target Support Files/Pods-ww_app/Pods-ww_app-frameworks.sh\"\n";
			showEnvVarsInLog = 0;
		};
		AD8C7389DD27BD9F185D9301 /* [CP] Copy Pods Resources */ = {
			isa = PBXShellScriptBuildPhase;
			buildActionMask = 2147483647;
			files = (
			);
			inputPaths = (
			);
			name = "[CP] Copy Pods Resources";
			outputPaths = (
			);
			runOnlyForDeploymentPostprocessing = 0;
			shellPath = /bin/sh;
			shellScript = "\"${SRCROOT}/Pods/Target Support Files/Pods-ww_app/Pods-ww_app-resources.sh\"\n";
			showEnvVarsInLog = 0;
		};
/* End PBXShellScriptBuildPhase section */

/* Begin PBXSourcesBuildPhase section */
		9332F9991EB168110049B63C /* Sources */ = {
			isa = PBXSourcesBuildPhase;
			buildActionMask = 2147483647;
			files = (
				9332F9A31EB168110049B63C /* ViewController.swift in Sources */,
				9332F9B51EB1998E0049B63C /* ColorViewController.swift in Sources */,
				939A28DB1EB4F0EF00FF9A1B /* DesignableView.swift in Sources */,
				932F90751EB69C5A00A781AE /* locationEditorViewController.swift in Sources */,
				9332F9A11EB168110049B63C /* AppDelegate.swift in Sources */,
				939A28DD1EB4F1EA00FF9A1B /* DesignableButton.swift in Sources */,
			);
			runOnlyForDeploymentPostprocessing = 0;
		};
/* End PBXSourcesBuildPhase section */

/* Begin PBXVariantGroup section */
		9332F9A41EB168110049B63C /* Main.storyboard */ = {
			isa = PBXVariantGroup;
			children = (
				9332F9A51EB168110049B63C /* Base */,
			);
			name = Main.storyboard;
			sourceTree = "<group>";
		};
		9332F9A91EB168110049B63C /* LaunchScreen.storyboard */ = {
			isa = PBXVariantGroup;
			children = (
				9332F9AA1EB168110049B63C /* Base */,
			);
			name = LaunchScreen.storyboard;
			sourceTree = "<group>";
		};
/* End PBXVariantGroup section */

/* Begin XCBuildConfiguration section */
		9332F9AD1EB168110049B63C /* Debug */ = {
			isa = XCBuildConfiguration;
			buildSettings = {
				ALWAYS_SEARCH_USER_PATHS = NO;
				CLANG_ANALYZER_NONNULL = YES;
				CLANG_CXX_LANGUAGE_STANDARD = "gnu++0x";
				CLANG_CXX_LIBRARY = "libc++";
				CLANG_ENABLE_MODULES = YES;
				CLANG_ENABLE_OBJC_ARC = YES;
				CLANG_WARN_BOOL_CONVERSION = YES;
				CLANG_WARN_CONSTANT_CONVERSION = YES;
				CLANG_WARN_DIRECT_OBJC_ISA_USAGE = YES_ERROR;
				CLANG_WARN_DOCUMENTATION_COMMENTS = YES;
				CLANG_WARN_EMPTY_BODY = YES;
				CLANG_WARN_ENUM_CONVERSION = YES;
				CLANG_WARN_INFINITE_RECURSION = YES;
				CLANG_WARN_INT_CONVERSION = YES;
				CLANG_WARN_OBJC_ROOT_CLASS = YES_ERROR;
				CLANG_WARN_SUSPICIOUS_MOVE = YES;
				CLANG_WARN_UNREACHABLE_CODE = YES;
				CLANG_WARN__DUPLICATE_METHOD_MATCH = YES;
				"CODE_SIGN_IDENTITY[sdk=iphoneos*]" = "iPhone Developer";
				COPY_PHASE_STRIP = NO;
				DEBUG_INFORMATION_FORMAT = dwarf;
				ENABLE_STRICT_OBJC_MSGSEND = YES;
				ENABLE_TESTABILITY = YES;
				GCC_C_LANGUAGE_STANDARD = gnu99;
				GCC_DYNAMIC_NO_PIC = NO;
				GCC_NO_COMMON_BLOCKS = YES;
				GCC_OPTIMIZATION_LEVEL = 0;
				GCC_PREPROCESSOR_DEFINITIONS = (
					"DEBUG=1",
					"$(inherited)",
				);
				GCC_WARN_64_TO_32_BIT_CONVERSION = YES;
				GCC_WARN_ABOUT_RETURN_TYPE = YES_ERROR;
				GCC_WARN_UNDECLARED_SELECTOR = YES;
				GCC_WARN_UNINITIALIZED_AUTOS = YES_AGGRESSIVE;
				GCC_WARN_UNUSED_FUNCTION = YES;
				GCC_WARN_UNUSED_VARIABLE = YES;
				IPHONEOS_DEPLOYMENT_TARGET = 10.2;
				MTL_ENABLE_DEBUG_INFO = YES;
				ONLY_ACTIVE_ARCH = YES;
				SDKROOT = iphoneos;
				SWIFT_ACTIVE_COMPILATION_CONDITIONS = DEBUG;
				SWIFT_OPTIMIZATION_LEVEL = "-Onone";
			};
			name = Debug;
		};
		9332F9AE1EB168110049B63C /* Release */ = {
			isa = XCBuildConfiguration;
			buildSettings = {
				ALWAYS_SEARCH_USER_PATHS = NO;
				CLANG_ANALYZER_NONNULL = YES;
				CLANG_CXX_LANGUAGE_STANDARD = "gnu++0x";
				CLANG_CXX_LIBRARY = "libc++";
				CLANG_ENABLE_MODULES = YES;
				CLANG_ENABLE_OBJC_ARC = YES;
				CLANG_WARN_BOOL_CONVERSION = YES;
				CLANG_WARN_CONSTANT_CONVERSION = YES;
				CLANG_WARN_DIRECT_OBJC_ISA_USAGE = YES_ERROR;
				CLANG_WARN_DOCUMENTATION_COMMENTS = YES;
				CLANG_WARN_EMPTY_BODY = YES;
				CLANG_WARN_ENUM_CONVERSION = YES;
				CLANG_WARN_INFINITE_RECURSION = YES;
				CLANG_WARN_INT_CONVERSION = YES;
				CLANG_WARN_OBJC_ROOT_CLASS = YES_ERROR;
				CLANG_WARN_SUSPICIOUS_MOVE = YES;
				CLANG_WARN_UNREACHABLE_CODE = YES;
				CLANG_WARN__DUPLICATE_METHOD_MATCH = YES;
				"CODE_SIGN_IDENTITY[sdk=iphoneos*]" = "iPhone Developer";
				COPY_PHASE_STRIP = NO;
				DEBUG_INFORMATION_FORMAT = "dwarf-with-dsym";
				ENABLE_NS_ASSERTIONS = NO;
				ENABLE_STRICT_OBJC_MSGSEND = YES;
				GCC_C_LANGUAGE_STANDARD = gnu99;
				GCC_NO_COMMON_BLOCKS = YES;
				GCC_WARN_64_TO_32_BIT_CONVERSION = YES;
				GCC_WARN_ABOUT_RETURN_TYPE = YES_ERROR;
				GCC_WARN_UNDECLARED_SELECTOR = YES;
				GCC_WARN_UNINITIALIZED_AUTOS = YES_AGGRESSIVE;
				GCC_WARN_UNUSED_FUNCTION = YES;
				GCC_WARN_UNUSED_VARIABLE = YES;
				IPHONEOS_DEPLOYMENT_TARGET = 10.2;
				MTL_ENABLE_DEBUG_INFO = NO;
				SDKROOT = iphoneos;
				SWIFT_OPTIMIZATION_LEVEL = "-Owholemodule";
				VALIDATE_PRODUCT = YES;
			};
			name = Release;
		};
		9332F9B01EB168110049B63C /* Debug */ = {
			isa = XCBuildConfiguration;
			baseConfigurationReference = BEF5EF627443288E98E33F13 /* Pods-ww_app.debug.xcconfig */;
			buildSettings = {
				ASSETCATALOG_COMPILER_APPICON_NAME = AppIcon;
				DEVELOPMENT_TEAM = FA2R2F44BF;
				INFOPLIST_FILE = ww_app/Info.plist;
				LD_RUNPATH_SEARCH_PATHS = "$(inherited) @executable_path/Frameworks";
				PRODUCT_BUNDLE_IDENTIFIER = "agcomp.ww-app";
				PRODUCT_NAME = "$(TARGET_NAME)";
				SWIFT_VERSION = 3.0;
			};
			name = Debug;
		};
		9332F9B11EB168110049B63C /* Release */ = {
			isa = XCBuildConfiguration;
			baseConfigurationReference = 7BE7CBCEDDF00A0EBA4D043A /* Pods-ww_app.release.xcconfig */;
			buildSettings = {
				ASSETCATALOG_COMPILER_APPICON_NAME = AppIcon;
				DEVELOPMENT_TEAM = FA2R2F44BF;
				INFOPLIST_FILE = ww_app/Info.plist;
				LD_RUNPATH_SEARCH_PATHS = "$(inherited) @executable_path/Frameworks";
				PRODUCT_BUNDLE_IDENTIFIER = "agcomp.ww-app";
				PRODUCT_NAME = "$(TARGET_NAME)";
				SWIFT_VERSION = 3.0;
			};
			name = Release;
		};
/* End XCBuildConfiguration section */

/* Begin XCConfigurationList section */
		9332F9981EB168110049B63C /* Build configuration list for PBXProject "ww_app" */ = {
			isa = XCConfigurationList;
			buildConfigurations = (
				9332F9AD1EB168110049B63C /* Debug */,
				9332F9AE1EB168110049B63C /* Release */,
			);
			defaultConfigurationIsVisible = 0;
			defaultConfigurationName = Release;
		};
		9332F9AF1EB168110049B63C /* Build configuration list for PBXNativeTarget "ww_app" */ = {
			isa = XCConfigurationList;
			buildConfigurations = (
				9332F9B01EB168110049B63C /* Debug */,
				9332F9B11EB168110049B63C /* Release */,
			);
			defaultConfigurationIsVisible = 0;
			defaultConfigurationName = Release;
		};
/* End XCConfigurationList section */
	};
	rootObject = 9332F9951EB168110049B63C /* Project object */;
}
